
Microsoft Visual Studio Solution File, Format Version 12.00
# Visual Studio Version 17
VisualStudioVersion = 17.4.33122.133
MinimumVisualStudioVersion = 10.0.40219.1
Project("{FAE04EC0-301F-11D3-BF4B-00C04F79EFBC}") = "UnicodeConverter", "UnicodeConverter.csproj", "{98EBFAD1-9686-4CA3-B24B-0CDF61EDA114}"
EndProject
Global
	GlobalSection(SolutionConfigurationPlatforms) = preSolution
		Debug|Any CPU = Debug|Any CPU
		Release|Any CPU = Release|Any CPU
	EndGlobalSection
	GlobalSection(ProjectConfigurationPlatforms) = postSolution
		{98EBFAD1-9686-4CA3-B24B-0CDF61EDA114}.Debug|Any CPU.ActiveCfg = Debug|Any CPU
		{98EBFAD1-9686-4CA3-B24B-0CDF61EDA114}.Debug|Any CPU.Build.0 = Debug|Any CPU
		{98EBFAD1-9686-4CA3-B24B-0CDF61EDA114}.Release|Any CPU.ActiveCfg = Release|Any CPU
		{98EBFAD1-9686-4CA3-B24B-0CDF61EDA114}.Release|Any CPU.Build.0 = Release|Any CPU
	EndGlobalSection
	GlobalSection(SolutionProperties) = preSolution
		HideSolutionNode = FALSE
	EndGlobalSection
	GlobalSection(ExtensibilityGlobals) = postSolution
		SolutionGuid = {B9198EA8-E72D-48BE-832B-057552B2C180}
	EndGlobalSection
EndGlobal
